// !$*UTF8*$!
{
	archiveVersion = 1;
	classes = {
	};
	objectVersion = 48;
	objects = {

/* Begin PBXBuildFile section */
		B043653D201E21C60013DFEE /* SwiftAlgorithms.framework in Frameworks */ = {isa = PBXBuildFile; fileRef = B0436533201E21C60013DFEE /* SwiftAlgorithms.framework */; };
		B0436542201E21C60013DFEE /* SwiftAlgorithmsTests.swift in Sources */ = {isa = PBXBuildFile; fileRef = B0436541201E21C60013DFEE /* SwiftAlgorithmsTests.swift */; };
		B0436544201E21C60013DFEE /* SwiftAlgorithms.h in Headers */ = {isa = PBXBuildFile; fileRef = B0436536201E21C60013DFEE /* SwiftAlgorithms.h */; settings = {ATTRIBUTES = (Public, ); }; };
		B043654E201E21F40013DFEE /* Stack.swift in Sources */ = {isa = PBXBuildFile; fileRef = B043654D201E21F40013DFEE /* Stack.swift */; };
		B0436550201E22000013DFEE /* StackTests.swift in Sources */ = {isa = PBXBuildFile; fileRef = B043654F201E22000013DFEE /* StackTests.swift */; };
/* End PBXBuildFile section */

/* Begin PBXContainerItemProxy section */
		B043653E201E21C60013DFEE /* PBXContainerItemProxy */ = {
			isa = PBXContainerItemProxy;
			containerPortal = B043652A201E21C60013DFEE /* Project object */;
			proxyType = 1;
			remoteGlobalIDString = B0436532201E21C60013DFEE;
			remoteInfo = SwiftAlgorithms;
		};
/* End PBXContainerItemProxy section */

/* Begin PBXFileReference section */
		B0436533201E21C60013DFEE /* SwiftAlgorithms.framework */ = {isa = PBXFileReference; explicitFileType = wrapper.framework; includeInIndex = 0; path = SwiftAlgorithms.framework; sourceTree = BUILT_PRODUCTS_DIR; };
		B0436536201E21C60013DFEE /* SwiftAlgorithms.h */ = {isa = PBXFileReference; lastKnownFileType = sourcecode.c.h; path = SwiftAlgorithms.h; sourceTree = "<group>"; };
		B0436537201E21C60013DFEE /* Info.plist */ = {isa = PBXFileReference; lastKnownFileType = text.plist.xml; path = Info.plist; sourceTree = "<group>"; };
		B043653C201E21C60013DFEE /* SwiftAlgorithmsTests.xctest */ = {isa = PBXFileReference; explicitFileType = wrapper.cfbundle; includeInIndex = 0; path = SwiftAlgorithmsTests.xctest; sourceTree = BUILT_PRODUCTS_DIR; };
		B0436541201E21C60013DFEE /* SwiftAlgorithmsTests.swift */ = {isa = PBXFileReference; lastKnownFileType = sourcecode.swift; path = SwiftAlgorithmsTests.swift; sourceTree = "<group>"; };
		B0436543201E21C60013DFEE /* Info.plist */ = {isa = PBXFileReference; lastKnownFileType = text.plist.xml; path = Info.plist; sourceTree = "<group>"; };
		B043654D201E21F40013DFEE /* Stack.swift */ = {isa = PBXFileReference; fileEncoding = 4; lastKnownFileType = sourcecode.swift; path = Stack.swift; sourceTree = "<group>"; };
		B043654F201E22000013DFEE /* StackTests.swift */ = {isa = PBXFileReference; fileEncoding = 4; lastKnownFileType = sourcecode.swift; path = StackTests.swift; sourceTree = "<group>"; };
/* End PBXFileReference section */

/* Begin PBXFrameworksBuildPhase section */
		B043652F201E21C60013DFEE /* Frameworks */ = {
			isa = PBXFrameworksBuildPhase;
			buildActionMask = 2147483647;
			files = (
			);
			runOnlyForDeploymentPostprocessing = 0;
		};
		B0436539201E21C60013DFEE /* Frameworks */ = {
			isa = PBXFrameworksBuildPhase;
			buildActionMask = 2147483647;
			files = (
				B043653D201E21C60013DFEE /* SwiftAlgorithms.framework in Frameworks */,
			);
			runOnlyForDeploymentPostprocessing = 0;
		};
/* End PBXFrameworksBuildPhase section */

/* Begin PBXGroup section */
		B0436529201E21C60013DFEE = {
			isa = PBXGroup;
			children = (
				B0436535201E21C60013DFEE /* SwiftAlgorithms */,
				B0436540201E21C60013DFEE /* SwiftAlgorithmsTests */,
				B0436534201E21C60013DFEE /* Products */,
			);
			sourceTree = "<group>";
		};
		B0436534201E21C60013DFEE /* Products */ = {
			isa = PBXGroup;
			children = (
				B0436533201E21C60013DFEE /* SwiftAlgorithms.framework */,
				B043653C201E21C60013DFEE /* SwiftAlgorithmsTests.xctest */,
			);
			name = Products;
			sourceTree = "<group>";
		};
		B0436535201E21C60013DFEE /* SwiftAlgorithms */ = {
			isa = PBXGroup;
			children = (
				B0436536201E21C60013DFEE /* SwiftAlgorithms.h */,
				B043654D201E21F40013DFEE /* Stack.swift */,
				B0436537201E21C60013DFEE /* Info.plist */,
			);
			path = SwiftAlgorithms;
			sourceTree = "<group>";
		};
		B0436540201E21C60013DFEE /* SwiftAlgorithmsTests */ = {
			isa = PBXGroup;
			children = (
				B0436541201E21C60013DFEE /* SwiftAlgorithmsTests.swift */,
				B043654F201E22000013DFEE /* StackTests.swift */,
				B0436543201E21C60013DFEE /* Info.plist */,
			);
			path = SwiftAlgorithmsTests;
			sourceTree = "<group>";
		};
/* End PBXGroup section */

/* Begin PBXHeadersBuildPhase section */
		B0436530201E21C60013DFEE /* Headers */ = {
			isa = PBXHeadersBuildPhase;
			buildActionMask = 2147483647;
			files = (
				B0436544201E21C60013DFEE /* SwiftAlgorithms.h in Headers */,
			);
			runOnlyForDeploymentPostprocessing = 0;
		};
/* End PBXHeadersBuildPhase section */

/* Begin PBXNativeTarget section */
		B0436532201E21C60013DFEE /* SwiftAlgorithms */ = {
			isa = PBXNativeTarget;
			buildConfigurationList = B0436547201E21C60013DFEE /* Build configuration list for PBXNativeTarget "SwiftAlgorithms" */;
			buildPhases = (
				B043652E201E21C60013DFEE /* Sources */,
				B043652F201E21C60013DFEE /* Frameworks */,
				B0436530201E21C60013DFEE /* Headers */,
				B0436531201E21C60013DFEE /* Resources */,
			);
			buildRules = (
			);
			dependencies = (
			);
			name = SwiftAlgorithms;
			productName = SwiftAlgorithms;
			productReference = B0436533201E21C60013DFEE /* SwiftAlgorithms.framework */;
			productType = "com.apple.product-type.framework";
		};
		B043653B201E21C60013DFEE /* SwiftAlgorithmsTests */ = {
			isa = PBXNativeTarget;
			buildConfigurationList = B043654A201E21C60013DFEE /* Build configuration list for PBXNativeTarget "SwiftAlgorithmsTests" */;
			buildPhases = (
				B0436538201E21C60013DFEE /* Sources */,
				B0436539201E21C60013DFEE /* Frameworks */,
				B043653A201E21C60013DFEE /* Resources */,
			);
			buildRules = (
			);
			dependencies = (
				B043653F201E21C60013DFEE /* PBXTargetDependency */,
			);
			name = SwiftAlgorithmsTests;
			productName = SwiftAlgorithmsTests;
			productReference = B043653C201E21C60013DFEE /* SwiftAlgorithmsTests.xctest */;
			productType = "com.apple.product-type.bundle.unit-test";
		};
/* End PBXNativeTarget section */

/* Begin PBXProject section */
		B043652A201E21C60013DFEE /* Project object */ = {
			isa = PBXProject;
			attributes = {
				LastSwiftUpdateCheck = 0920;
				LastUpgradeCheck = 0920;
				ORGANIZATIONNAME = "Syzygy Softwerks LLC";
				TargetAttributes = {
					B0436532201E21C60013DFEE = {
						CreatedOnToolsVersion = 9.2;
						LastSwiftMigration = 0920;
						ProvisioningStyle = Automatic;
					};
					B043653B201E21C60013DFEE = {
						CreatedOnToolsVersion = 9.2;
						ProvisioningStyle = Automatic;
					};
				};
			};
			buildConfigurationList = B043652D201E21C60013DFEE /* Build configuration list for PBXProject "SwiftAlgorithms" */;
			compatibilityVersion = "Xcode 8.0";
			developmentRegion = en;
			hasScannedForEncodings = 0;
			knownRegions = (
				en,
			);
			mainGroup = B0436529201E21C60013DFEE;
			productRefGroup = B0436534201E21C60013DFEE /* Products */;
			projectDirPath = "";
			projectRoot = "";
			targets = (
				B0436532201E21C60013DFEE /* SwiftAlgorithms */,
				B043653B201E21C60013DFEE /* SwiftAlgorithmsTests */,
			);
		};
/* End PBXProject section */

/* Begin PBXResourcesBuildPhase section */
		B0436531201E21C60013DFEE /* Resources */ = {
			isa = PBXResourcesBuildPhase;
			buildActionMask = 2147483647;
			files = (
			);
			runOnlyForDeploymentPostprocessing = 0;
		};
		B043653A201E21C60013DFEE /* Resources */ = {
			isa = PBXResourcesBuildPhase;
			buildActionMask = 2147483647;
			files = (
			);
			runOnlyForDeploymentPostprocessing = 0;
		};
/* End PBXResourcesBuildPhase section */

/* Begin PBXSourcesBuildPhase section */
		B043652E201E21C60013DFEE /* Sources */ = {
			isa = PBXSourcesBuildPhase;
			buildActionMask = 2147483647;
			files = (
				B043654E201E21F40013DFEE /* Stack.swift in Sources */,
			);
			runOnlyForDeploymentPostprocessing = 0;
		};
		B0436538201E21C60013DFEE /* Sources */ = {
			isa = PBXSourcesBuildPhase;
			buildActionMask = 2147483647;
			files = (
				B0436550201E22000013DFEE /* StackTests.swift in Sources */,
				B0436542201E21C60013DFEE /* SwiftAlgorithmsTests.swift in Sources */,
			);
			runOnlyForDeploymentPostprocessing = 0;
		};
/* End PBXSourcesBuildPhase section */

/* Begin PBXTargetDependency section */
		B043653F201E21C60013DFEE /* PBXTargetDependency */ = {
			isa = PBXTargetDependency;
			target = B0436532201E21C60013DFEE /* SwiftAlgorithms */;
			targetProxy = B043653E201E21C60013DFEE /* PBXContainerItemProxy */;
		};
/* End PBXTargetDependency section */

/* Begin XCBuildConfiguration section */
		B0436545201E21C60013DFEE /* Debug */ = {
			isa = XCBuildConfiguration;
			buildSettings = {
				ALWAYS_SEARCH_USER_PATHS = NO;
				CLANG_ANALYZER_NONNULL = YES;
				CLANG_ANALYZER_NUMBER_OBJECT_CONVERSION = YES_AGGRESSIVE;
				CLANG_CXX_LANGUAGE_STANDARD = "gnu++14";
				CLANG_CXX_LIBRARY = "libc++";
				CLANG_ENABLE_MODULES = YES;
				CLANG_ENABLE_OBJC_ARC = YES;
				CLANG_WARN_BLOCK_CAPTURE_AUTORELEASING = YES;
				CLANG_WARN_BOOL_CONVERSION = YES;
				CLANG_WARN_COMMA = YES;
				CLANG_WARN_CONSTANT_CONVERSION = YES;
				CLANG_WARN_DIRECT_OBJC_ISA_USAGE = YES_ERROR;
				CLANG_WARN_DOCUMENTATION_COMMENTS = YES;
				CLANG_WARN_EMPTY_BODY = YES;
				CLANG_WARN_ENUM_CONVERSION = YES;
				CLANG_WARN_INFINITE_RECURSION = YES;
				CLANG_WARN_INT_CONVERSION = YES;
				CLANG_WARN_NON_LITERAL_NULL_CONVERSION = YES;
				CLANG_WARN_OBJC_LITERAL_CONVERSION = YES;
				CLANG_WARN_OBJC_ROOT_CLASS = YES_ERROR;
				CLANG_WARN_RANGE_LOOP_ANALYSIS = YES;
				CLANG_WARN_STRICT_PROTOTYPES = YES;
				CLANG_WARN_SUSPICIOUS_MOVE = YES;
				CLANG_WARN_UNGUARDED_AVAILABILITY = YES_AGGRESSIVE;
				CLANG_WARN_UNREACHABLE_CODE = YES;
				CLANG_WARN__DUPLICATE_METHOD_MATCH = YES;
				CODE_SIGN_IDENTITY = "Mac Developer";
				COPY_PHASE_STRIP = NO;
				CURRENT_PROJECT_VERSION = 1;
				DEBUG_INFORMATION_FORMAT = dwarf;
				ENABLE_STRICT_OBJC_MSGSEND = YES;
				ENABLE_TESTABILITY = YES;
				GCC_C_LANGUAGE_STANDARD = gnu11;
				GCC_DYNAMIC_NO_PIC = NO;
				GCC_NO_COMMON_BLOCKS = YES;
				GCC_OPTIMIZATION_LEVEL = 0;
				GCC_PREPROCESSOR_DEFINITIONS = (
					"DEBUG=1",
					"$(inherited)",
				);
				GCC_WARN_64_TO_32_BIT_CONVERSION = YES;
				GCC_WARN_ABOUT_RETURN_TYPE = YES_ERROR;
				GCC_WARN_UNDECLARED_SELECTOR = YES;
				GCC_WARN_UNINITIALIZED_AUTOS = YES_AGGRESSIVE;
				GCC_WARN_UNUSED_FUNCTION = YES;
				GCC_WARN_UNUSED_VARIABLE = YES;
				MACOSX_DEPLOYMENT_TARGET = 10.13;
				MTL_ENABLE_DEBUG_INFO = YES;
				ONLY_ACTIVE_ARCH = YES;
				SDKROOT = macosx;
				SWIFT_ACTIVE_COMPILATION_CONDITIONS = DEBUG;
				SWIFT_OPTIMIZATION_LEVEL = "-Onone";
				VERSIONING_SYSTEM = "apple-generic";
				VERSION_INFO_PREFIX = "";
			};
			name = Debug;
		};
		B0436546201E21C60013DFEE /* Release */ = {
			isa = XCBuildConfiguration;
			buildSettings = {
				ALWAYS_SEARCH_USER_PATHS = NO;
				CLANG_ANALYZER_NONNULL = YES;
				CLANG_ANALYZER_NUMBER_OBJECT_CONVERSION = YES_AGGRESSIVE;
				CLANG_CXX_LANGUAGE_STANDARD = "gnu++14";
				CLANG_CXX_LIBRARY = "libc++";
				CLANG_ENABLE_MODULES = YES;
				CLANG_ENABLE_OBJC_ARC = YES;
				CLANG_WARN_BLOCK_CAPTURE_AUTORELEASING = YES;
				CLANG_WARN_BOOL_CONVERSION = YES;
				CLANG_WARN_COMMA = YES;
				CLANG_WARN_CONSTANT_CONVERSION = YES;
				CLANG_WARN_DIRECT_OBJC_ISA_USAGE = YES_ERROR;
				CLANG_WARN_DOCUMENTATION_COMMENTS = YES;
				CLANG_WARN_EMPTY_BODY = YES;
				CLANG_WARN_ENUM_CONVERSION = YES;
				CLANG_WARN_INFINITE_RECURSION = YES;
				CLANG_WARN_INT_CONVERSION = YES;
				CLANG_WARN_NON_LITERAL_NULL_CONVERSION = YES;
				CLANG_WARN_OBJC_LITERAL_CONVERSION = YES;
				CLANG_WARN_OBJC_ROOT_CLASS = YES_ERROR;
				CLANG_WARN_RANGE_LOOP_ANALYSIS = YES;
				CLANG_WARN_STRICT_PROTOTYPES = YES;
				CLANG_WARN_SUSPICIOUS_MOVE = YES;
				CLANG_WARN_UNGUARDED_AVAILABILITY = YES_AGGRESSIVE;
				CLANG_WARN_UNREACHABLE_CODE = YES;
				CLANG_WARN__DUPLICATE_METHOD_MATCH = YES;
				CODE_SIGN_IDENTITY = "Mac Developer";
				COPY_PHASE_STRIP = NO;
				CURRENT_PROJECT_VERSION = 1;
				DEBUG_INFORMATION_FORMAT = "dwarf-with-dsym";
				ENABLE_NS_ASSERTIONS = NO;
				ENABLE_STRICT_OBJC_MSGSEND = YES;
				GCC_C_LANGUAGE_STANDARD = gnu11;
				GCC_NO_COMMON_BLOCKS = YES;
				GCC_WARN_64_TO_32_BIT_CONVERSION = YES;
				GCC_WARN_ABOUT_RETURN_TYPE = YES_ERROR;
				GCC_WARN_UNDECLARED_SELECTOR = YES;
				GCC_WARN_UNINITIALIZED_AUTOS = YES_AGGRESSIVE;
				GCC_WARN_UNUSED_FUNCTION = YES;
				GCC_WARN_UNUSED_VARIABLE = YES;
				MACOSX_DEPLOYMENT_TARGET = 10.13;
				MTL_ENABLE_DEBUG_INFO = NO;
				SDKROOT = macosx;
				SWIFT_OPTIMIZATION_LEVEL = "-Owholemodule";
				VERSIONING_SYSTEM = "apple-generic";
				VERSION_INFO_PREFIX = "";
			};
			name = Release;
		};
		B0436548201E21C60013DFEE /* Debug */ = {
			isa = XCBuildConfiguration;
			buildSettings = {
				CLANG_ENABLE_MODULES = YES;
				CODE_SIGN_IDENTITY = "";
				CODE_SIGN_STYLE = Automatic;
				COMBINE_HIDPI_IMAGES = YES;
				DEFINES_MODULE = YES;
				DEVELOPMENT_TEAM = PXZ9H8P4AQ;
				DYLIB_COMPATIBILITY_VERSION = 1;
				DYLIB_CURRENT_VERSION = 1;
				DYLIB_INSTALL_NAME_BASE = "@rpath";
				FRAMEWORK_VERSION = A;
				INFOPLIST_FILE = SwiftAlgorithms/Info.plist;
				INSTALL_PATH = "$(LOCAL_LIBRARY_DIR)/Frameworks";
				LD_RUNPATH_SEARCH_PATHS = "$(inherited) @executable_path/../Frameworks @loader_path/Frameworks";
				PRODUCT_BUNDLE_IDENTIFIER = com.syzygysoftwerksllc.SwiftAlgorithms;
				PRODUCT_NAME = "$(TARGET_NAME:c99extidentifier)";
				SKIP_INSTALL = YES;
				SWIFT_OPTIMIZATION_LEVEL = "-Onone";
				SWIFT_VERSION = 4.0;
			};
			name = Debug;
		};
		B0436549201E21C60013DFEE /* Release */ = {
			isa = XCBuildConfiguration;
			buildSettings = {
				CLANG_ENABLE_MODULES = YES;
				CODE_SIGN_IDENTITY = "";
				CODE_SIGN_STYLE = Automatic;
				COMBINE_HIDPI_IMAGES = YES;
				DEFINES_MODULE = YES;
				DEVELOPMENT_TEAM = PXZ9H8P4AQ;
				DYLIB_COMPATIBILITY_VERSION = 1;
				DYLIB_CURRENT_VERSION = 1;
				DYLIB_INSTALL_NAME_BASE = "@rpath";
				FRAMEWORK_VERSION = A;
				INFOPLIST_FILE = SwiftAlgorithms/Info.plist;
				INSTALL_PATH = "$(LOCAL_LIBRARY_DIR)/Frameworks";
				LD_RUNPATH_SEARCH_PATHS = "$(inherited) @executable_path/../Frameworks @loader_path/Frameworks";
				PRODUCT_BUNDLE_IDENTIFIER = com.syzygysoftwerksllc.SwiftAlgorithms;
				PRODUCT_NAME = "$(TARGET_NAME:c99extidentifier)";
				SKIP_INSTALL = YES;
				SWIFT_VERSION = 4.0;
			};
			name = Release;
		};
		B043654B201E21C60013DFEE /* Debug */ = {
			isa = XCBuildConfiguration;
			buildSettings = {
				ALWAYS_EMBED_SWIFT_STANDARD_LIBRARIES = YES;
				CODE_SIGN_STYLE = Automatic;
				COMBINE_HIDPI_IMAGES = YES;
				DEVELOPMENT_TEAM = PXZ9H8P4AQ;
				INFOPLIST_FILE = SwiftAlgorithmsTests/Info.plist;
				LD_RUNPATH_SEARCH_PATHS = "$(inherited) @executable_path/../Frameworks @loader_path/../Frameworks";
				PRODUCT_BUNDLE_IDENTIFIER = com.syzygysoftwerksllc.SwiftAlgorithmsTests;
				PRODUCT_NAME = "$(TARGET_NAME)";
				SWIFT_VERSION = 4.0;
			};
			name = Debug;
		};
		B043654C201E21C60013DFEE /* Release */ = {
			isa = XCBuildConfiguration;
			buildSettings = {
				ALWAYS_EMBED_SWIFT_STANDARD_LIBRARIES = YES;
				CODE_SIGN_STYLE = Automatic;
				COMBINE_HIDPI_IMAGES = YES;
				DEVELOPMENT_TEAM = PXZ9H8P4AQ;
				INFOPLIST_FILE = SwiftAlgorithmsTests/Info.plist;
				LD_RUNPATH_SEARCH_PATHS = "$(inherited) @executable_path/../Frameworks @loader_path/../Frameworks";
				PRODUCT_BUNDLE_IDENTIFIER = com.syzygysoftwerksllc.SwiftAlgorithmsTests;
				PRODUCT_NAME = "$(TARGET_NAME)";
				SWIFT_VERSION = 4.0;
			};
			name = Release;
		};
/* End XCBuildConfiguration section */

/* Begin XCConfigurationList section */
		B043652D201E21C60013DFEE /* Build configuration list for PBXProject "SwiftAlgorithms" */ = {
			isa = XCConfigurationList;
			buildConfigurations = (
				B0436545201E21C60013DFEE /* Debug */,
				B0436546201E21C60013DFEE /* Release */,
			);
			defaultConfigurationIsVisible = 0;
			defaultConfigurationName = Release;
		};
		B0436547201E21C60013DFEE /* Build configuration list for PBXNativeTarget "SwiftAlgorithms" */ = {
			isa = XCConfigurationList;
			buildConfigurations = (
				B0436548201E21C60013DFEE /* Debug */,
				B0436549201E21C60013DFEE /* Release */,
			);
			defaultConfigurationIsVisible = 0;
			defaultConfigurationName = Release;
		};
		B043654A201E21C60013DFEE /* Build configuration list for PBXNativeTarget "SwiftAlgorithmsTests" */ = {
			isa = XCConfigurationList;
			buildConfigurations = (
				B043654B201E21C60013DFEE /* Debug */,
				B043654C201E21C60013DFEE /* Release */,
			);
			defaultConfigurationIsVisible = 0;
			defaultConfigurationName = Release;
		};
/* End XCConfigurationList section */
	};
	rootObject = B043652A201E21C60013DFEE /* Project object */;
}
